
Microsoft Visual Studio Solution File, Format Version 12.00
# Visual Studio Version 17
VisualStudioVersion = 17.12.35707.178
MinimumVisualStudioVersion = 10.0.40219.1
Project("{FAE04EC0-301F-11D3-BF4B-00C04F79EFBC}") = "PCDevicesShop.API", "PCDevicesShop.API\PCDevicesShop.API.csproj", "{29A04A58-439D-4710-926C-699445C193B4}"
EndProject
Project("{FAE04EC0-301F-11D3-BF4B-00C04F79EFBC}") = "PCDevicesShop.BLL", "PCDevicesShop.BLL\PCDevicesShop.BLL.csproj", "{A9572003-A8E3-496D-8745-2898BA1C70C0}"
EndProject
Project("{FAE04EC0-301F-11D3-BF4B-00C04F79EFBC}") = "PCDevicesShop.DAL", "PCDevicesShop.DAL\PCDevicesShop.DAL.csproj", "{B9676BE6-21C0-471D-868E-BAF4F84F4A26}"
EndProject
Project("{E53339B2-1760-4266-BCC7-CA923CBCF16C}") = "docker-compose", "docker-compose.dcproj", "{D36B0950-9651-4B07-BEAF-0DD4AD7DFBAE}"
EndProject
Global
	GlobalSection(SolutionConfigurationPlatforms) = preSolution
		Debug|Any CPU = Debug|Any CPU
		Release|Any CPU = Release|Any CPU
	EndGlobalSection
	GlobalSection(ProjectConfigurationPlatforms) = postSolution
		{29A04A58-439D-4710-926C-699445C193B4}.Debug|Any CPU.ActiveCfg = Debug|Any CPU
		{29A04A58-439D-4710-926C-699445C193B4}.Debug|Any CPU.Build.0 = Debug|Any CPU
		{29A04A58-439D-4710-926C-699445C193B4}.Release|Any CPU.ActiveCfg = Release|Any CPU
		{29A04A58-439D-4710-926C-699445C193B4}.Release|Any CPU.Build.0 = Release|Any CPU
		{A9572003-A8E3-496D-8745-2898BA1C70C0}.Debug|Any CPU.ActiveCfg = Debug|Any CPU
		{A9572003-A8E3-496D-8745-2898BA1C70C0}.Debug|Any CPU.Build.0 = Debug|Any CPU
		{A9572003-A8E3-496D-8745-2898BA1C70C0}.Release|Any CPU.ActiveCfg = Release|Any CPU
		{A9572003-A8E3-496D-8745-2898BA1C70C0}.Release|Any CPU.Build.0 = Release|Any CPU
		{B9676BE6-21C0-471D-868E-BAF4F84F4A26}.Debug|Any CPU.ActiveCfg = Debug|Any CPU
		{B9676BE6-21C0-471D-868E-BAF4F84F4A26}.Debug|Any CPU.Build.0 = Debug|Any CPU
		{B9676BE6-21C0-471D-868E-BAF4F84F4A26}.Release|Any CPU.ActiveCfg = Release|Any CPU
		{B9676BE6-21C0-471D-868E-BAF4F84F4A26}.Release|Any CPU.Build.0 = Release|Any CPU
		{D36B0950-9651-4B07-BEAF-0DD4AD7DFBAE}.Debug|Any CPU.ActiveCfg = Debug|Any CPU
		{D36B0950-9651-4B07-BEAF-0DD4AD7DFBAE}.Debug|Any CPU.Build.0 = Debug|Any CPU
		{D36B0950-9651-4B07-BEAF-0DD4AD7DFBAE}.Release|Any CPU.ActiveCfg = Release|Any CPU
		{D36B0950-9651-4B07-BEAF-0DD4AD7DFBAE}.Release|Any CPU.Build.0 = Release|Any CPU
	EndGlobalSection
	GlobalSection(SolutionProperties) = preSolution
		HideSolutionNode = FALSE
	EndGlobalSection
EndGlobal
